
Microsoft Visual Studio Solution File, Format Version 12.00
# Visual Studio Version 16
VisualStudioVersion = 16.0.30523.141
MinimumVisualStudioVersion = 10.0.40219.1
Project("{FAE04EC0-301F-11D3-BF4B-00C04F79EFBC}") = "AdapterFile2.Binary", "AdapterFile2.Binary\AdapterFile2.Binary.csproj", "{D3AE306A-3D22-43FC-BBE4-FB5D5CAC2D55}"
EndProject
Project("{FAE04EC0-301F-11D3-BF4B-00C04F79EFBC}") = "AdapterFile2.Text", "AdapterFile2.Text\AdapterFile2.Text.csproj", "{B36D8821-9FF6-4849-9F7F-791057C38D59}"
EndProject
Global
	GlobalSection(SolutionConfigurationPlatforms) = preSolution
		Debug|Any CPU = Debug|Any CPU
		Release|Any CPU = Release|Any CPU
	EndGlobalSection
	GlobalSection(ProjectConfigurationPlatforms) = postSolution
		{D3AE306A-3D22-43FC-BBE4-FB5D5CAC2D55}.Debug|Any CPU.ActiveCfg = Debug|Any CPU
		{D3AE306A-3D22-43FC-BBE4-FB5D5CAC2D55}.Debug|Any CPU.Build.0 = Debug|Any CPU
		{D3AE306A-3D22-43FC-BBE4-FB5D5CAC2D55}.Release|Any CPU.ActiveCfg = Release|Any CPU
		{D3AE306A-3D22-43FC-BBE4-FB5D5CAC2D55}.Release|Any CPU.Build.0 = Release|Any CPU
		{B36D8821-9FF6-4849-9F7F-791057C38D59}.Debug|Any CPU.ActiveCfg = Debug|Any CPU
		{B36D8821-9FF6-4849-9F7F-791057C38D59}.Debug|Any CPU.Build.0 = Debug|Any CPU
		{B36D8821-9FF6-4849-9F7F-791057C38D59}.Release|Any CPU.ActiveCfg = Release|Any CPU
		{B36D8821-9FF6-4849-9F7F-791057C38D59}.Release|Any CPU.Build.0 = Release|Any CPU
	EndGlobalSection
	GlobalSection(SolutionProperties) = preSolution
		HideSolutionNode = FALSE
	EndGlobalSection
	GlobalSection(ExtensibilityGlobals) = postSolution
		SolutionGuid = {42663975-3512-4512-95D7-98C8A5140C4B}
	EndGlobalSection
EndGlobal
